
Microsoft Visual Studio Solution File, Format Version 12.00
# Visual Studio 15
VisualStudioVersion = 15.0.28010.2041
MinimumVisualStudioVersion = 10.0.40219.1
Project("{FAE04EC0-301F-11D3-BF4B-00C04F79EFBC}") = "WpfRobot", "WpfRobot\WpfRobot.csproj", "{7B4A763B-D626-4C62-8D06-FD7C056EAFF0}"
EndProject
Global
	GlobalSection(SolutionConfigurationPlatforms) = preSolution
		Debug|Any CPU = Debug|Any CPU
		Release|Any CPU = Release|Any CPU
	EndGlobalSection
	GlobalSection(ProjectConfigurationPlatforms) = postSolution
		{7B4A763B-D626-4C62-8D06-FD7C056EAFF0}.Debug|Any CPU.ActiveCfg = Debug|Any CPU
		{7B4A763B-D626-4C62-8D06-FD7C056EAFF0}.Debug|Any CPU.Build.0 = Debug|Any CPU
		{7B4A763B-D626-4C62-8D06-FD7C056EAFF0}.Release|Any CPU.ActiveCfg = Release|Any CPU
		{7B4A763B-D626-4C62-8D06-FD7C056EAFF0}.Release|Any CPU.Build.0 = Release|Any CPU
	EndGlobalSection
	GlobalSection(SolutionProperties) = preSolution
		HideSolutionNode = FALSE
	EndGlobalSection
	GlobalSection(ExtensibilityGlobals) = postSolution
		SolutionGuid = {68057A93-5CB4-4A91-B718-52138A7E361C}
	EndGlobalSection
EndGlobal
